
Microsoft Visual Studio Solution File, Format Version 12.00
# Visual Studio 15
VisualStudioVersion = 15.0.27130.2027
MinimumVisualStudioVersion = 10.0.40219.1
Project("{FAE04EC0-301F-11D3-BF4B-00C04F79EFBC}") = "Budget", "Budget\Budget.csproj", "{CCA2FA82-1C4E-4295-9D82-221F59781A3D}"
EndProject
Global
	GlobalSection(SolutionConfigurationPlatforms) = preSolution
		Debug|Any CPU = Debug|Any CPU
		Release|Any CPU = Release|Any CPU
	EndGlobalSection
	GlobalSection(ProjectConfigurationPlatforms) = postSolution
		{CCA2FA82-1C4E-4295-9D82-221F59781A3D}.Debug|Any CPU.ActiveCfg = Debug|Any CPU
		{CCA2FA82-1C4E-4295-9D82-221F59781A3D}.Debug|Any CPU.Build.0 = Debug|Any CPU
		{CCA2FA82-1C4E-4295-9D82-221F59781A3D}.Release|Any CPU.ActiveCfg = Release|Any CPU
		{CCA2FA82-1C4E-4295-9D82-221F59781A3D}.Release|Any CPU.Build.0 = Release|Any CPU
	EndGlobalSection
	GlobalSection(SolutionProperties) = preSolution
		HideSolutionNode = FALSE
	EndGlobalSection
	GlobalSection(ExtensibilityGlobals) = postSolution
		SolutionGuid = {7304E6D6-DFE7-47FE-A359-F7BD7B957AFD}
	EndGlobalSection
EndGlobal
